// !$*UTF8*$!
{
	archiveVersion = 1;
	classes = {
	};
	objectVersion = 51;
	objects = {

/* Begin PBXBuildFile section */
		2989C63B23C30F3A009E3864 /* RatingViewController.swift in Sources */ = {isa = PBXBuildFile; fileRef = 2989C63A23C30F3A009E3864 /* RatingViewController.swift */; };
		55E1DDE1C4CC31C054A455B8 /* Pods_Skybar.framework in Frameworks */ = {isa = PBXBuildFile; fileRef = 2A3607E893CCD06800542112 /* Pods_Skybar.framework */; };
		920E28692343677E0003746B /* Ui+Extension.swift in Sources */ = {isa = PBXBuildFile; fileRef = 920E28682343677E0003746B /* Ui+Extension.swift */; };
		92325267233B911100F6291B /* WebKit.framework in Frameworks */ = {isa = PBXBuildFile; fileRef = 92325266233B911000F6291B /* WebKit.framework */; };
		923F1BC7238F9AE0001A8C36 /* AppColor.swift in Sources */ = {isa = PBXBuildFile; fileRef = 923F1BC6238F9AE0001A8C36 /* AppColor.swift */; };
		923F1BC9238FA40B001A8C36 /* CameraHandler.swift in Sources */ = {isa = PBXBuildFile; fileRef = 923F1BC8238FA40B001A8C36 /* CameraHandler.swift */; };
		927093302383B5FF00F1F3F6 /* SkybarAlert.swift in Sources */ = {isa = PBXBuildFile; fileRef = 9270932F2383B5FF00F1F3F6 /* SkybarAlert.swift */; };
		AA0F1F1E2187902400610D40 /* TimelineObject.swift in Sources */ = {isa = PBXBuildFile; fileRef = AA0F1F1D2187902400610D40 /* TimelineObject.swift */; };
		AA0F1F212188DC0300610D40 /* NotificationView.swift in Sources */ = {isa = PBXBuildFile; fileRef = AA0F1F202188DC0300610D40 /* NotificationView.swift */; };
		AA0F1F232188DC0B00610D40 /* NotificationView.xib in Resources */ = {isa = PBXBuildFile; fileRef = AA0F1F222188DC0B00610D40 /* NotificationView.xib */; };
		AA0F1F55218B9F8800610D40 /* LastReservationView.swift in Sources */ = {isa = PBXBuildFile; fileRef = AA0F1F54218B9F8800610D40 /* LastReservationView.swift */; };
		AA0F1F57218B9F9200610D40 /* LastReservationView.xib in Resources */ = {isa = PBXBuildFile; fileRef = AA0F1F56218B9F9200610D40 /* LastReservationView.xib */; };
		AA190112212B601600F545C2 /* MapKit.framework in Frameworks */ = {isa = PBXBuildFile; fileRef = AA190111212B601600F545C2 /* MapKit.framework */; };
		AA1A4B2A21B9AD5100252C66 /* ReferController.swift in Sources */ = {isa = PBXBuildFile; fileRef = AA1A4B2921B9AD5100252C66 /* ReferController.swift */; };
		AA1A4B2C21B9B19900252C66 /* TermsController.swift in Sources */ = {isa = PBXBuildFile; fileRef = AA1A4B2B21B9B19900252C66 /* TermsController.swift */; };
		AA1D18D92114E2E300CA4A8F /* ReserveController.swift in Sources */ = {isa = PBXBuildFile; fileRef = AA1D18D82114E2E300CA4A8F /* ReserveController.swift */; };
		AA1D18DC2114E74500CA4A8F /* ReserveTableView.swift in Sources */ = {isa = PBXBuildFile; fileRef = AA1D18DB2114E74500CA4A8F /* ReserveTableView.swift */; };
		AA1D18DE2114E75500CA4A8F /* ReserveTableView.xib in Resources */ = {isa = PBXBuildFile; fileRef = AA1D18DD2114E75500CA4A8F /* ReserveTableView.xib */; };
		AA1D18E22116EDDB00CA4A8F /* EventController.swift in Sources */ = {isa = PBXBuildFile; fileRef = AA1D18E12116EDDB00CA4A8F /* EventController.swift */; };
		AA1D18E52116F53400CA4A8F /* ReserveEventController.swift in Sources */ = {isa = PBXBuildFile; fileRef = AA1D18E42116F53400CA4A8F /* ReserveEventController.swift */; };
		AA1D18E82118B0A600CA4A8F /* InstaView.swift in Sources */ = {isa = PBXBuildFile; fileRef = AA1D18E72118B0A600CA4A8F /* InstaView.swift */; };
		AA1D18EA2118B0AD00CA4A8F /* InstaView.xib in Resources */ = {isa = PBXBuildFile; fileRef = AA1D18E92118B0AD00CA4A8F /* InstaView.xib */; };
		AA1D18ED2118BA8600CA4A8F /* HistoryController.swift in Sources */ = {isa = PBXBuildFile; fileRef = AA1D18EC2118BA8600CA4A8F /* HistoryController.swift */; };
		AA1D18F92118EDB100CA4A8F /* HistoryView.swift in Sources */ = {isa = PBXBuildFile; fileRef = AA1D18F82118EDB100CA4A8F /* HistoryView.swift */; };
		AA1D18FF2119FF2500CA4A8F /* SettingsController.swift in Sources */ = {isa = PBXBuildFile; fileRef = AA1D18FE2119FF2500CA4A8F /* SettingsController.swift */; };
		AA28A18E21B9C24B00ECE18C /* SubInstaCell.swift in Sources */ = {isa = PBXBuildFile; fileRef = AA28A18C21B9C24B00ECE18C /* SubInstaCell.swift */; };
		AA28A18F21B9C24B00ECE18C /* SubInstaCell.xib in Resources */ = {isa = PBXBuildFile; fileRef = AA28A18D21B9C24B00ECE18C /* SubInstaCell.xib */; };
		AA2E07562105BDD50070BE88 /* SourceSansPro-Regular.ttf in Resources */ = {isa = PBXBuildFile; fileRef = AA2E07522105BDD40070BE88 /* SourceSansPro-Regular.ttf */; };
		AA2E07572105BDD50070BE88 /* SourceSansPro-Bold.ttf in Resources */ = {isa = PBXBuildFile; fileRef = AA2E07532105BDD40070BE88 /* SourceSansPro-Bold.ttf */; };
		AA2E07582105BDD50070BE88 /* SourceSansPro-Light.ttf in Resources */ = {isa = PBXBuildFile; fileRef = AA2E07542105BDD50070BE88 /* SourceSansPro-Light.ttf */; };
		AA2E07592105BDD50070BE88 /* SourceSansPro-SemiBold.ttf in Resources */ = {isa = PBXBuildFile; fileRef = AA2E07552105BDD50070BE88 /* SourceSansPro-SemiBold.ttf */; };
		AA2E075C2105CB070070BE88 /* Helper.swift in Sources */ = {isa = PBXBuildFile; fileRef = AA2E075B2105CB070070BE88 /* Helper.swift */; };
		AA2E075F2105CD490070BE88 /* LoginControllerViewController.swift in Sources */ = {isa = PBXBuildFile; fileRef = AA2E075E2105CD490070BE88 /* LoginControllerViewController.swift */; };
		AA2E07622105D9DE0070BE88 /* ResendController.swift in Sources */ = {isa = PBXBuildFile; fileRef = AA2E07612105D9DE0070BE88 /* ResendController.swift */; };
		AA2E07652105DB310070BE88 /* ParentController.swift in Sources */ = {isa = PBXBuildFile; fileRef = AA2E07642105DB310070BE88 /* ParentController.swift */; };
		AA2E07682105DE590070BE88 /* ProfileController.swift in Sources */ = {isa = PBXBuildFile; fileRef = AA2E07672105DE590070BE88 /* ProfileController.swift */; };
		AA2E076B2107BC500070BE88 /* EditNameController.swift in Sources */ = {isa = PBXBuildFile; fileRef = AA2E076A2107BC500070BE88 /* EditNameController.swift */; };
		AA2E076E2107C5A90070BE88 /* EditInfoController.swift in Sources */ = {isa = PBXBuildFile; fileRef = AA2E076D2107C5A90070BE88 /* EditInfoController.swift */; };
		AA2E0771210DC4D60070BE88 /* ServiceEngine.swift in Sources */ = {isa = PBXBuildFile; fileRef = AA2E0770210DC4D60070BE88 /* ServiceEngine.swift */; };
		AA2E0773210DC6390070BE88 /* ServiceInterface.swift in Sources */ = {isa = PBXBuildFile; fileRef = AA2E0772210DC6390070BE88 /* ServiceInterface.swift */; };
		AA369FD6215041A100B356BA /* StarPrivilegesController.swift in Sources */ = {isa = PBXBuildFile; fileRef = AA369FD5215041A100B356BA /* StarPrivilegesController.swift */; };
		AA369FD9215042BB00B356BA /* PrivilegesCell.swift in Sources */ = {isa = PBXBuildFile; fileRef = AA369FD7215042BB00B356BA /* PrivilegesCell.swift */; };
		AA369FDA215042BB00B356BA /* PrivilegesCell.xib in Resources */ = {isa = PBXBuildFile; fileRef = AA369FD8215042BB00B356BA /* PrivilegesCell.xib */; };
		AA4C265C211A0A0400820CC0 /* InvoiceController.swift in Sources */ = {isa = PBXBuildFile; fileRef = AA4C265B211A0A0400820CC0 /* InvoiceController.swift */; };
		AA52371121B718F100ECCC4E /* WalkThrouController.swift in Sources */ = {isa = PBXBuildFile; fileRef = AA52371021B718F100ECCC4E /* WalkThrouController.swift */; };
		AA52DAFA2114BC2200600B38 /* CardController.swift in Sources */ = {isa = PBXBuildFile; fileRef = AA52DAF92114BC2200600B38 /* CardController.swift */; };
		AA52DAFD2114CAE000600B38 /* KeyController.swift in Sources */ = {isa = PBXBuildFile; fileRef = AA52DAFC2114CAE000600B38 /* KeyController.swift */; };
		AA52DB002114CFF300600B38 /* SuccessController.swift in Sources */ = {isa = PBXBuildFile; fileRef = AA52DAFF2114CFF300600B38 /* SuccessController.swift */; };
		AA52DB072114D43900600B38 /* EventView.swift in Sources */ = {isa = PBXBuildFile; fileRef = AA52DB062114D43900600B38 /* EventView.swift */; };
		AA52DB092114D44C00600B38 /* EventView.xib in Resources */ = {isa = PBXBuildFile; fileRef = AA52DB082114D44C00600B38 /* EventView.xib */; };
		AA540D2F215FD7ED00317DAE /* OCRController.swift in Sources */ = {isa = PBXBuildFile; fileRef = AA540D2E215FD7ED00317DAE /* OCRController.swift */; };
		AA540D482160DCFD00317DAE /* StatsView.swift in Sources */ = {isa = PBXBuildFile; fileRef = AA540D472160DCFD00317DAE /* StatsView.swift */; };
		AA540D4A2160DD0700317DAE /* StatsView.xib in Resources */ = {isa = PBXBuildFile; fileRef = AA540D492160DD0700317DAE /* StatsView.xib */; };
		AA562E3B21E224A40044DE8F /* BillView.xib in Resources */ = {isa = PBXBuildFile; fileRef = AA562E3A21E224A40044DE8F /* BillView.xib */; };
		AA562E3D21E224AF0044DE8F /* BillView.swift in Sources */ = {isa = PBXBuildFile; fileRef = AA562E3C21E224AF0044DE8F /* BillView.swift */; };
		AA562E4021E236D50044DE8F /* GuestListController.swift in Sources */ = {isa = PBXBuildFile; fileRef = AA562E3F21E236D50044DE8F /* GuestListController.swift */; };
		AA562E4321E237CB0044DE8F /* GuestView.swift in Sources */ = {isa = PBXBuildFile; fileRef = AA562E4221E237CB0044DE8F /* GuestView.swift */; };
		AA562E4521E237D50044DE8F /* GuestView.xib in Resources */ = {isa = PBXBuildFile; fileRef = AA562E4421E237D50044DE8F /* GuestView.xib */; };
		AA5D4D8A210DD0A200568D09 /* ServiceUser.swift in Sources */ = {isa = PBXBuildFile; fileRef = AA5D4D89210DD0A200568D09 /* ServiceUser.swift */; };
		AA5D4D8D210DD2FB00568D09 /* GlobalUI.swift in Sources */ = {isa = PBXBuildFile; fileRef = AA5D4D8C210DD2FB00568D09 /* GlobalUI.swift */; };
		AA5D4D902110CA2400568D09 /* HomeController.swift in Sources */ = {isa = PBXBuildFile; fileRef = AA5D4D8F2110CA2400568D09 /* HomeController.swift */; };
		AA5D4D962110DAE400568D09 /* InstaPhoto.swift in Sources */ = {isa = PBXBuildFile; fileRef = AA5D4D952110DAE400568D09 /* InstaPhoto.swift */; };
		AA5D4D982110DAF200568D09 /* InstaPhoto.xib in Resources */ = {isa = PBXBuildFile; fileRef = AA5D4D972110DAF200568D09 /* InstaPhoto.xib */; };
		AA625627222199EC00A75B51 /* EventControllerStep1.swift in Sources */ = {isa = PBXBuildFile; fileRef = AA625626222199EC00A75B51 /* EventControllerStep1.swift */; };
		AA625629222199F600A75B51 /* EventControllerStep2.swift in Sources */ = {isa = PBXBuildFile; fileRef = AA625628222199F600A75B51 /* EventControllerStep2.swift */; };
		AA70B178216911C000BD493A /* BillCell.swift in Sources */ = {isa = PBXBuildFile; fileRef = AA70B177216911C000BD493A /* BillCell.swift */; };
		AA70B17A216911C900BD493A /* BillCell.xib in Resources */ = {isa = PBXBuildFile; fileRef = AA70B179216911C900BD493A /* BillCell.xib */; };
		AA75F1B32102436A00B28C4D /* AppDelegate.swift in Sources */ = {isa = PBXBuildFile; fileRef = AA75F1B22102436A00B28C4D /* AppDelegate.swift */; };
		AA75F1B52102436A00B28C4D /* LandingController.swift in Sources */ = {isa = PBXBuildFile; fileRef = AA75F1B42102436A00B28C4D /* LandingController.swift */; };
		AA75F1BA2102436B00B28C4D /* Assets.xcassets in Resources */ = {isa = PBXBuildFile; fileRef = AA75F1B92102436B00B28C4D /* Assets.xcassets */; };
		AA75F1BD2102436B00B28C4D /* LaunchScreen.storyboard in Resources */ = {isa = PBXBuildFile; fileRef = AA75F1BB2102436B00B28C4D /* LaunchScreen.storyboard */; };
		AA815A04217CA87D005468B8 /* CoreImage.framework in Frameworks */ = {isa = PBXBuildFile; fileRef = AA815A03217CA87D005468B8 /* CoreImage.framework */; };
		AA81777C21BC357F003B7126 /* TutorialCell.swift in Sources */ = {isa = PBXBuildFile; fileRef = AA81777A21BC357F003B7126 /* TutorialCell.swift */; };
		AA81777D21BC357F003B7126 /* TutorialCell.xib in Resources */ = {isa = PBXBuildFile; fileRef = AA81777B21BC357F003B7126 /* TutorialCell.xib */; };
		AA81778121BC650D003B7126 /* CongratsCell.swift in Sources */ = {isa = PBXBuildFile; fileRef = AA81777F21BC650D003B7126 /* CongratsCell.swift */; };
		AA81778221BC650D003B7126 /* CongratsCell.xib in Resources */ = {isa = PBXBuildFile; fileRef = AA81778021BC650D003B7126 /* CongratsCell.xib */; };
		AAC7AFB8217B4BDD00B42339 /* FullscreenController.swift in Sources */ = {isa = PBXBuildFile; fileRef = AAC7AFB7217B4BDD00B42339 /* FullscreenController.swift */; };
		AAF45AE22126D23C0052E5EB /* ParentObject.swift in Sources */ = {isa = PBXBuildFile; fileRef = AAF45AE12126D23C0052E5EB /* ParentObject.swift */; };
		AAF45AE42126D24C0052E5EB /* ProfileObject.swift in Sources */ = {isa = PBXBuildFile; fileRef = AAF45AE32126D24C0052E5EB /* ProfileObject.swift */; };
		DA9CDDFD227AF9E400D44F1A /* HistoryView.xib in Resources */ = {isa = PBXBuildFile; fileRef = DA9CDDFC227AF9E400D44F1A /* HistoryView.xib */; };
		DA9CDDFF227B0A0200D44F1A /* Main.storyboard in Resources */ = {isa = PBXBuildFile; fileRef = DA9CDDFE227B0A0200D44F1A /* Main.storyboard */; };
		DACEEA5222807C8800DA0B91 /* AdmissionRules.html in Resources */ = {isa = PBXBuildFile; fileRef = DACEEA5122807C8800DA0B91 /* AdmissionRules.html */; };
/* End PBXBuildFile section */

/* Begin PBXCopyFilesBuildPhase section */
		AA7CF311215FD03500F24E0C /* Embed Frameworks */ = {
			isa = PBXCopyFilesBuildPhase;
			buildActionMask = 2147483647;
			dstPath = "";
			dstSubfolderSpec = 10;
			files = (
			);
			name = "Embed Frameworks";
			runOnlyForDeploymentPostprocessing = 0;
		};
/* End PBXCopyFilesBuildPhase section */

/* Begin PBXFileReference section */
		137037C58A0DA0CEDA2A41C4 /* Pods-Skybar.debug.xcconfig */ = {isa = PBXFileReference; includeInIndex = 1; lastKnownFileType = text.xcconfig; name = "Pods-Skybar.debug.xcconfig"; path = "Pods/Target Support Files/Pods-Skybar/Pods-Skybar.debug.xcconfig"; sourceTree = "<group>"; };
		2989C63A23C30F3A009E3864 /* RatingViewController.swift */ = {isa = PBXFileReference; lastKnownFileType = sourcecode.swift; path = RatingViewController.swift; sourceTree = "<group>"; };
		2A3607E893CCD06800542112 /* Pods_Skybar.framework */ = {isa = PBXFileReference; explicitFileType = wrapper.framework; includeInIndex = 0; path = Pods_Skybar.framework; sourceTree = BUILT_PRODUCTS_DIR; };
		920E28682343677E0003746B /* Ui+Extension.swift */ = {isa = PBXFileReference; lastKnownFileType = sourcecode.swift; path = "Ui+Extension.swift"; sourceTree = "<group>"; };
		92325266233B911000F6291B /* WebKit.framework */ = {isa = PBXFileReference; lastKnownFileType = wrapper.framework; name = WebKit.framework; path = System/Library/Frameworks/WebKit.framework; sourceTree = SDKROOT; };
		923F1BC6238F9AE0001A8C36 /* AppColor.swift */ = {isa = PBXFileReference; lastKnownFileType = sourcecode.swift; path = AppColor.swift; sourceTree = "<group>"; };
		923F1BC8238FA40B001A8C36 /* CameraHandler.swift */ = {isa = PBXFileReference; lastKnownFileType = sourcecode.swift; path = CameraHandler.swift; sourceTree = "<group>"; };
		9270932F2383B5FF00F1F3F6 /* SkybarAlert.swift */ = {isa = PBXFileReference; lastKnownFileType = sourcecode.swift; path = SkybarAlert.swift; sourceTree = "<group>"; };
		AA0F1F1D2187902400610D40 /* TimelineObject.swift */ = {isa = PBXFileReference; lastKnownFileType = sourcecode.swift; path = TimelineObject.swift; sourceTree = "<group>"; };
		AA0F1F202188DC0300610D40 /* NotificationView.swift */ = {isa = PBXFileReference; lastKnownFileType = sourcecode.swift; path = NotificationView.swift; sourceTree = "<group>"; };
		AA0F1F222188DC0B00610D40 /* NotificationView.xib */ = {isa = PBXFileReference; lastKnownFileType = file.xib; path = NotificationView.xib; sourceTree = "<group>"; };
		AA0F1F54218B9F8800610D40 /* LastReservationView.swift */ = {isa = PBXFileReference; lastKnownFileType = sourcecode.swift; path = LastReservationView.swift; sourceTree = "<group>"; };
		AA0F1F56218B9F9200610D40 /* LastReservationView.xib */ = {isa = PBXFileReference; lastKnownFileType = file.xib; path = LastReservationView.xib; sourceTree = "<group>"; };
		AA190111212B601600F545C2 /* MapKit.framework */ = {isa = PBXFileReference; lastKnownFileType = wrapper.framework; name = MapKit.framework; path = System/Library/Frameworks/MapKit.framework; sourceTree = SDKROOT; };
		AA1A4B2921B9AD5100252C66 /* ReferController.swift */ = {isa = PBXFileReference; lastKnownFileType = sourcecode.swift; path = ReferController.swift; sourceTree = "<group>"; };
		AA1A4B2B21B9B19900252C66 /* TermsController.swift */ = {isa = PBXFileReference; lastKnownFileType = sourcecode.swift; path = TermsController.swift; sourceTree = "<group>"; };
		AA1D18D82114E2E300CA4A8F /* ReserveController.swift */ = {isa = PBXFileReference; lastKnownFileType = sourcecode.swift; path = ReserveController.swift; sourceTree = "<group>"; };
		AA1D18DB2114E74500CA4A8F /* ReserveTableView.swift */ = {isa = PBXFileReference; lastKnownFileType = sourcecode.swift; path = ReserveTableView.swift; sourceTree = "<group>"; };
		AA1D18DD2114E75500CA4A8F /* ReserveTableView.xib */ = {isa = PBXFileReference; lastKnownFileType = file.xib; path = ReserveTableView.xib; sourceTree = "<group>"; };
		AA1D18E12116EDDB00CA4A8F /* EventController.swift */ = {isa = PBXFileReference; lastKnownFileType = sourcecode.swift; path = EventController.swift; sourceTree = "<group>"; };
		AA1D18E42116F53400CA4A8F /* ReserveEventController.swift */ = {isa = PBXFileReference; lastKnownFileType = sourcecode.swift; path = ReserveEventController.swift; sourceTree = "<group>"; };
		AA1D18E72118B0A600CA4A8F /* InstaView.swift */ = {isa = PBXFileReference; lastKnownFileType = sourcecode.swift; path = InstaView.swift; sourceTree = "<group>"; };
		AA1D18E92118B0AD00CA4A8F /* InstaView.xib */ = {isa = PBXFileReference; lastKnownFileType = file.xib; path = InstaView.xib; sourceTree = "<group>"; };
		AA1D18EC2118BA8600CA4A8F /* HistoryController.swift */ = {isa = PBXFileReference; lastKnownFileType = sourcecode.swift; path = HistoryController.swift; sourceTree = "<group>"; };
		AA1D18F82118EDB100CA4A8F /* HistoryView.swift */ = {isa = PBXFileReference; lastKnownFileType = sourcecode.swift; path = HistoryView.swift; sourceTree = "<group>"; };
		AA1D18FE2119FF2500CA4A8F /* SettingsController.swift */ = {isa = PBXFileReference; lastKnownFileType = sourcecode.swift; path = SettingsController.swift; sourceTree = "<group>"; };
		AA28A18C21B9C24B00ECE18C /* SubInstaCell.swift */ = {isa = PBXFileReference; lastKnownFileType = sourcecode.swift; path = SubInstaCell.swift; sourceTree = "<group>"; };
		AA28A18D21B9C24B00ECE18C /* SubInstaCell.xib */ = {isa = PBXFileReference; lastKnownFileType = file.xib; path = SubInstaCell.xib; sourceTree = "<group>"; };
		AA2E07522105BDD40070BE88 /* SourceSansPro-Regular.ttf */ = {isa = PBXFileReference; lastKnownFileType = file; path = "SourceSansPro-Regular.ttf"; sourceTree = "<group>"; };
		AA2E07532105BDD40070BE88 /* SourceSansPro-Bold.ttf */ = {isa = PBXFileReference; lastKnownFileType = file; path = "SourceSansPro-Bold.ttf"; sourceTree = "<group>"; };
		AA2E07542105BDD50070BE88 /* SourceSansPro-Light.ttf */ = {isa = PBXFileReference; lastKnownFileType = file; path = "SourceSansPro-Light.ttf"; sourceTree = "<group>"; };
		AA2E07552105BDD50070BE88 /* SourceSansPro-SemiBold.ttf */ = {isa = PBXFileReference; lastKnownFileType = file; path = "SourceSansPro-SemiBold.ttf"; sourceTree = "<group>"; };
		AA2E075B2105CB070070BE88 /* Helper.swift */ = {isa = PBXFileReference; lastKnownFileType = sourcecode.swift; path = Helper.swift; sourceTree = "<group>"; };
		AA2E075E2105CD490070BE88 /* LoginControllerViewController.swift */ = {isa = PBXFileReference; lastKnownFileType = sourcecode.swift; path = LoginControllerViewController.swift; sourceTree = "<group>"; };
		AA2E07612105D9DE0070BE88 /* ResendController.swift */ = {isa = PBXFileReference; lastKnownFileType = sourcecode.swift; path = ResendController.swift; sourceTree = "<group>"; };
		AA2E07642105DB310070BE88 /* ParentController.swift */ = {isa = PBXFileReference; lastKnownFileType = sourcecode.swift; path = ParentController.swift; sourceTree = "<group>"; };
		AA2E07672105DE590070BE88 /* ProfileController.swift */ = {isa = PBXFileReference; lastKnownFileType = sourcecode.swift; path = ProfileController.swift; sourceTree = "<group>"; };
		AA2E076A2107BC500070BE88 /* EditNameController.swift */ = {isa = PBXFileReference; lastKnownFileType = sourcecode.swift; path = EditNameController.swift; sourceTree = "<group>"; };
		AA2E076D2107C5A90070BE88 /* EditInfoController.swift */ = {isa = PBXFileReference; lastKnownFileType = sourcecode.swift; path = EditInfoController.swift; sourceTree = "<group>"; };
		AA2E0770210DC4D60070BE88 /* ServiceEngine.swift */ = {isa = PBXFileReference; lastKnownFileType = sourcecode.swift; path = ServiceEngine.swift; sourceTree = "<group>"; };
		AA2E0772210DC6390070BE88 /* ServiceInterface.swift */ = {isa = PBXFileReference; lastKnownFileType = sourcecode.swift; path = ServiceInterface.swift; sourceTree = "<group>"; };
		AA369FD5215041A100B356BA /* StarPrivilegesController.swift */ = {isa = PBXFileReference; lastKnownFileType = sourcecode.swift; path = StarPrivilegesController.swift; sourceTree = "<group>"; };
		AA369FD7215042BB00B356BA /* PrivilegesCell.swift */ = {isa = PBXFileReference; lastKnownFileType = sourcecode.swift; path = PrivilegesCell.swift; sourceTree = "<group>"; };
		AA369FD8215042BB00B356BA /* PrivilegesCell.xib */ = {isa = PBXFileReference; lastKnownFileType = file.xib; path = PrivilegesCell.xib; sourceTree = "<group>"; };
		AA4C265B211A0A0400820CC0 /* InvoiceController.swift */ = {isa = PBXFileReference; lastKnownFileType = sourcecode.swift; path = InvoiceController.swift; sourceTree = "<group>"; };
		AA52371021B718F100ECCC4E /* WalkThrouController.swift */ = {isa = PBXFileReference; lastKnownFileType = sourcecode.swift; path = WalkThrouController.swift; sourceTree = "<group>"; };
		AA52DAF92114BC2200600B38 /* CardController.swift */ = {isa = PBXFileReference; lastKnownFileType = sourcecode.swift; path = CardController.swift; sourceTree = "<group>"; };
		AA52DAFC2114CAE000600B38 /* KeyController.swift */ = {isa = PBXFileReference; lastKnownFileType = sourcecode.swift; path = KeyController.swift; sourceTree = "<group>"; };
		AA52DAFF2114CFF300600B38 /* SuccessController.swift */ = {isa = PBXFileReference; lastKnownFileType = sourcecode.swift; path = SuccessController.swift; sourceTree = "<group>"; };
		AA52DB062114D43900600B38 /* EventView.swift */ = {isa = PBXFileReference; lastKnownFileType = sourcecode.swift; path = EventView.swift; sourceTree = "<group>"; wrapsLines = 0; };
		AA52DB082114D44C00600B38 /* EventView.xib */ = {isa = PBXFileReference; lastKnownFileType = file.xib; path = EventView.xib; sourceTree = "<group>"; };
		AA540D2E215FD7ED00317DAE /* OCRController.swift */ = {isa = PBXFileReference; fileEncoding = 4; lastKnownFileType = sourcecode.swift; path = OCRController.swift; sourceTree = "<group>"; };
		AA540D30215FDA5000317DAE /* BridgingHeader.h */ = {isa = PBXFileReference; lastKnownFileType = sourcecode.c.h; path = BridgingHeader.h; sourceTree = "<group>"; };
		AA540D472160DCFD00317DAE /* StatsView.swift */ = {isa = PBXFileReference; lastKnownFileType = sourcecode.swift; path = StatsView.swift; sourceTree = "<group>"; };
		AA540D492160DD0700317DAE /* StatsView.xib */ = {isa = PBXFileReference; lastKnownFileType = file.xib; path = StatsView.xib; sourceTree = "<group>"; };
		AA562E3A21E224A40044DE8F /* BillView.xib */ = {isa = PBXFileReference; lastKnownFileType = file.xib; path = BillView.xib; sourceTree = "<group>"; };
		AA562E3C21E224AF0044DE8F /* BillView.swift */ = {isa = PBXFileReference; lastKnownFileType = sourcecode.swift; path = BillView.swift; sourceTree = "<group>"; };
		AA562E3F21E236D50044DE8F /* GuestListController.swift */ = {isa = PBXFileReference; lastKnownFileType = sourcecode.swift; path = GuestListController.swift; sourceTree = "<group>"; };
		AA562E4221E237CB0044DE8F /* GuestView.swift */ = {isa = PBXFileReference; lastKnownFileType = sourcecode.swift; path = GuestView.swift; sourceTree = "<group>"; };
		AA562E4421E237D50044DE8F /* GuestView.xib */ = {isa = PBXFileReference; lastKnownFileType = file.xib; path = GuestView.xib; sourceTree = "<group>"; };
		AA5D4D89210DD0A200568D09 /* ServiceUser.swift */ = {isa = PBXFileReference; lastKnownFileType = sourcecode.swift; path = ServiceUser.swift; sourceTree = "<group>"; };
		AA5D4D8C210DD2FB00568D09 /* GlobalUI.swift */ = {isa = PBXFileReference; lastKnownFileType = sourcecode.swift; path = GlobalUI.swift; sourceTree = "<group>"; };
		AA5D4D8F2110CA2400568D09 /* HomeController.swift */ = {isa = PBXFileReference; lastKnownFileType = sourcecode.swift; path = HomeController.swift; sourceTree = "<group>"; };
		AA5D4D952110DAE400568D09 /* InstaPhoto.swift */ = {isa = PBXFileReference; lastKnownFileType = sourcecode.swift; path = InstaPhoto.swift; sourceTree = "<group>"; };
		AA5D4D972110DAF200568D09 /* InstaPhoto.xib */ = {isa = PBXFileReference; lastKnownFileType = file.xib; path = InstaPhoto.xib; sourceTree = "<group>"; };
		AA625626222199EC00A75B51 /* EventControllerStep1.swift */ = {isa = PBXFileReference; lastKnownFileType = sourcecode.swift; path = EventControllerStep1.swift; sourceTree = "<group>"; };
		AA625628222199F600A75B51 /* EventControllerStep2.swift */ = {isa = PBXFileReference; lastKnownFileType = sourcecode.swift; path = EventControllerStep2.swift; sourceTree = "<group>"; };
		AA70B177216911C000BD493A /* BillCell.swift */ = {isa = PBXFileReference; lastKnownFileType = sourcecode.swift; path = BillCell.swift; sourceTree = "<group>"; };
		AA70B179216911C900BD493A /* BillCell.xib */ = {isa = PBXFileReference; lastKnownFileType = file.xib; path = BillCell.xib; sourceTree = "<group>"; };
		AA75F1AF2102436A00B28C4D /* SKY 2.0.app */ = {isa = PBXFileReference; explicitFileType = wrapper.application; includeInIndex = 0; path = "SKY 2.0.app"; sourceTree = BUILT_PRODUCTS_DIR; };
		AA75F1B22102436A00B28C4D /* AppDelegate.swift */ = {isa = PBXFileReference; lastKnownFileType = sourcecode.swift; path = AppDelegate.swift; sourceTree = "<group>"; };
		AA75F1B42102436A00B28C4D /* LandingController.swift */ = {isa = PBXFileReference; lastKnownFileType = sourcecode.swift; path = LandingController.swift; sourceTree = "<group>"; };
		AA75F1B92102436B00B28C4D /* Assets.xcassets */ = {isa = PBXFileReference; lastKnownFileType = folder.assetcatalog; path = Assets.xcassets; sourceTree = "<group>"; };
		AA75F1BC2102436B00B28C4D /* Base */ = {isa = PBXFileReference; lastKnownFileType = file.storyboard; name = Base; path = Base.lproj/LaunchScreen.storyboard; sourceTree = "<group>"; };
		AA75F1BE2102436B00B28C4D /* Info.plist */ = {isa = PBXFileReference; lastKnownFileType = text.plist.xml; path = Info.plist; sourceTree = "<group>"; };
		AA815A01217CA851005468B8 /* libc++.tbd */ = {isa = PBXFileReference; lastKnownFileType = "sourcecode.text-based-dylib-definition"; name = "libc++.tbd"; path = "usr/lib/libc++.tbd"; sourceTree = SDKROOT; };
		AA815A03217CA87D005468B8 /* CoreImage.framework */ = {isa = PBXFileReference; lastKnownFileType = wrapper.framework; name = CoreImage.framework; path = System/Library/Frameworks/CoreImage.framework; sourceTree = SDKROOT; };
		AA81777A21BC357F003B7126 /* TutorialCell.swift */ = {isa = PBXFileReference; lastKnownFileType = sourcecode.swift; path = TutorialCell.swift; sourceTree = "<group>"; };
		AA81777B21BC357F003B7126 /* TutorialCell.xib */ = {isa = PBXFileReference; lastKnownFileType = file.xib; path = TutorialCell.xib; sourceTree = "<group>"; };
		AA81777F21BC650D003B7126 /* CongratsCell.swift */ = {isa = PBXFileReference; lastKnownFileType = sourcecode.swift; path = CongratsCell.swift; sourceTree = "<group>"; };
		AA81778021BC650D003B7126 /* CongratsCell.xib */ = {isa = PBXFileReference; lastKnownFileType = file.xib; path = CongratsCell.xib; sourceTree = "<group>"; };
		AAC7AFB7217B4BDD00B42339 /* FullscreenController.swift */ = {isa = PBXFileReference; lastKnownFileType = sourcecode.swift; path = FullscreenController.swift; sourceTree = "<group>"; };
		AAF45AE12126D23C0052E5EB /* ParentObject.swift */ = {isa = PBXFileReference; lastKnownFileType = sourcecode.swift; path = ParentObject.swift; sourceTree = "<group>"; };
		AAF45AE32126D24C0052E5EB /* ProfileObject.swift */ = {isa = PBXFileReference; lastKnownFileType = sourcecode.swift; path = ProfileObject.swift; sourceTree = "<group>"; };
		AAFBAEA92141A49C0004CEB8 /* Skybar.entitlements */ = {isa = PBXFileReference; lastKnownFileType = text.plist.entitlements; path = Skybar.entitlements; sourceTree = "<group>"; };
		DA9CDDFC227AF9E400D44F1A /* HistoryView.xib */ = {isa = PBXFileReference; fileEncoding = 4; lastKnownFileType = file.xib; path = HistoryView.xib; sourceTree = "<group>"; };
		DA9CDDFE227B0A0200D44F1A /* Main.storyboard */ = {isa = PBXFileReference; fileEncoding = 4; lastKnownFileType = file.storyboard; path = Main.storyboard; sourceTree = "<group>"; };
		DACEEA5122807C8800DA0B91 /* AdmissionRules.html */ = {isa = PBXFileReference; fileEncoding = 4; lastKnownFileType = text.html; path = AdmissionRules.html; sourceTree = "<group>"; };
		F2177A0524C8CF2631C24DD7 /* Pods-Skybar.release.xcconfig */ = {isa = PBXFileReference; includeInIndex = 1; lastKnownFileType = text.xcconfig; name = "Pods-Skybar.release.xcconfig"; path = "Pods/Target Support Files/Pods-Skybar/Pods-Skybar.release.xcconfig"; sourceTree = "<group>"; };
/* End PBXFileReference section */

/* Begin PBXFrameworksBuildPhase section */
		AA75F1AC2102436A00B28C4D /* Frameworks */ = {
			isa = PBXFrameworksBuildPhase;
			buildActionMask = 2147483647;
			files = (
				92325267233B911100F6291B /* WebKit.framework in Frameworks */,
				AA815A04217CA87D005468B8 /* CoreImage.framework in Frameworks */,
				AA190112212B601600F545C2 /* MapKit.framework in Frameworks */,
				55E1DDE1C4CC31C054A455B8 /* Pods_Skybar.framework in Frameworks */,
			);
			runOnlyForDeploymentPostprocessing = 0;
		};
/* End PBXFrameworksBuildPhase section */

/* Begin PBXGroup section */
		30859F7002DD161B82A40C0F /* Frameworks */ = {
			isa = PBXGroup;
			children = (
				92325266233B911000F6291B /* WebKit.framework */,
				AA815A03217CA87D005468B8 /* CoreImage.framework */,
				AA815A01217CA851005468B8 /* libc++.tbd */,
				AA190111212B601600F545C2 /* MapKit.framework */,
				2A3607E893CCD06800542112 /* Pods_Skybar.framework */,
			);
			name = Frameworks;
			sourceTree = "<group>";
		};
		920E2867234367590003746B /* Extension */ = {
			isa = PBXGroup;
			children = (
				920E28682343677E0003746B /* Ui+Extension.swift */,
			);
			path = Extension;
			sourceTree = "<group>";
		};
		AA0F1F1F2188DBF200610D40 /* NotificationView */ = {
			isa = PBXGroup;
			children = (
				AA0F1F202188DC0300610D40 /* NotificationView.swift */,
				AA0F1F222188DC0B00610D40 /* NotificationView.xib */,
			);
			path = NotificationView;
			sourceTree = "<group>";
		};
		AA0F1F53218B9F7400610D40 /* LastReservations */ = {
			isa = PBXGroup;
			children = (
				AA0F1F54218B9F8800610D40 /* LastReservationView.swift */,
				AA0F1F56218B9F9200610D40 /* LastReservationView.xib */,
			);
			path = LastReservations;
			sourceTree = "<group>";
		};
		AA1A4B2821B9AD4500252C66 /* ReferController */ = {
			isa = PBXGroup;
			children = (
				AA1A4B2921B9AD5100252C66 /* ReferController.swift */,
			);
			path = ReferController;
			sourceTree = "<group>";
		};
		AA1A4B2D21B9B1A000252C66 /* TermsController */ = {
			isa = PBXGroup;
			children = (
				AA1A4B2B21B9B19900252C66 /* TermsController.swift */,
			);
			path = TermsController;
			sourceTree = "<group>";
		};
		AA1D18D72114E2D000CA4A8F /* ReserveController */ = {
			isa = PBXGroup;
			children = (
				AA1D18DA2114E72D00CA4A8F /* ReserveTableView */,
				AA1D18D82114E2E300CA4A8F /* ReserveController.swift */,
			);
			path = ReserveController;
			sourceTree = "<group>";
		};
		AA1D18DA2114E72D00CA4A8F /* ReserveTableView */ = {
			isa = PBXGroup;
			children = (
				AA1D18DB2114E74500CA4A8F /* ReserveTableView.swift */,
				AA1D18DD2114E75500CA4A8F /* ReserveTableView.xib */,
			);
			path = ReserveTableView;
			sourceTree = "<group>";
		};
		AA1D18E02116EDC700CA4A8F /* EventController */ = {
			isa = PBXGroup;
			children = (
				AA1D18E32116F52100CA4A8F /* ReserveEvent */,
				AA1D18E12116EDDB00CA4A8F /* EventController.swift */,
				AA625628222199F600A75B51 /* EventControllerStep2.swift */,
			);
			path = EventController;
			sourceTree = "<group>";
		};
		AA1D18E32116F52100CA4A8F /* ReserveEvent */ = {
			isa = PBXGroup;
			children = (
				AA1D18E42116F53400CA4A8F /* ReserveEventController.swift */,
			);
			path = ReserveEvent;
			sourceTree = "<group>";
		};
		AA1D18E62118B09200CA4A8F /* InstaView */ = {
			isa = PBXGroup;
			children = (
				AA28A18921B9C20700ECE18C /* SubInstaCell */,
				AA1D18E72118B0A600CA4A8F /* InstaView.swift */,
				AA1D18E92118B0AD00CA4A8F /* InstaView.xib */,
			);
			path = InstaView;
			sourceTree = "<group>";
		};
		AA1D18EB2118BA7400CA4A8F /* HistoryController */ = {
			isa = PBXGroup;
			children = (
				AA0F1F53218B9F7400610D40 /* LastReservations */,
				AA0F1F1F2188DBF200610D40 /* NotificationView */,
				AA540D462160DCBF00317DAE /* StatsView */,
				AA1D1902211A098200CA4A8F /* InvoiceController */,
				AA1D18FC2118EDC200CA4A8F /* HistoryView */,
			);
			path = HistoryController;
			sourceTree = "<group>";
		};
		AA1D18FC2118EDC200CA4A8F /* HistoryView */ = {
			isa = PBXGroup;
			children = (
				AA1D18EC2118BA8600CA4A8F /* HistoryController.swift */,
				DA9CDDFC227AF9E400D44F1A /* HistoryView.xib */,
			);
			name = HistoryView;
			sourceTree = "<group>";
		};
		AA1D18FD2119FF0D00CA4A8F /* SettingsController */ = {
			isa = PBXGroup;
			children = (
				AA1D18FE2119FF2500CA4A8F /* SettingsController.swift */,
			);
			path = SettingsController;
			sourceTree = "<group>";
		};
		AA1D1901211A060F00CA4A8F /* TabControllers */ = {
			isa = PBXGroup;
			children = (
				AA5D4D8E2110CA1000568D09 /* HomeController */,
				AA1D18FD2119FF0D00CA4A8F /* SettingsController */,
				AA1D18EB2118BA7400CA4A8F /* HistoryController */,
				AA1D18D72114E2D000CA4A8F /* ReserveController */,
			);
			path = TabControllers;
			sourceTree = "<group>";
		};
		AA1D1902211A098200CA4A8F /* InvoiceController */ = {
			isa = PBXGroup;
			children = (
				AA1D18F82118EDB100CA4A8F /* HistoryView.swift */,
				AA70B176216911A200BD493A /* BillCell */,
				AA4C265B211A0A0400820CC0 /* InvoiceController.swift */,
			);
			path = InvoiceController;
			sourceTree = "<group>";
		};
		AA28A18921B9C20700ECE18C /* SubInstaCell */ = {
			isa = PBXGroup;
			children = (
				AA28A18C21B9C24B00ECE18C /* SubInstaCell.swift */,
				AA28A18D21B9C24B00ECE18C /* SubInstaCell.xib */,
			);
			path = SubInstaCell;
			sourceTree = "<group>";
		};
		AA28A19021BC33D400ECE18C /* TutorialCell */ = {
			isa = PBXGroup;
			children = (
				AA81777A21BC357F003B7126 /* TutorialCell.swift */,
				AA81777B21BC357F003B7126 /* TutorialCell.xib */,
			);
			path = TutorialCell;
			sourceTree = "<group>";
		};
		AA2E075A2105CAF90070BE88 /* Helper */ = {
			isa = PBXGroup;
			children = (
				920E2867234367590003746B /* Extension */,
				AA2E075B2105CB070070BE88 /* Helper.swift */,
				9270932F2383B5FF00F1F3F6 /* SkybarAlert.swift */,
				923F1BC6238F9AE0001A8C36 /* AppColor.swift */,
				923F1BC8238FA40B001A8C36 /* CameraHandler.swift */,
			);
			path = Helper;
			sourceTree = "<group>";
		};
		AA2E075D2105CD3A0070BE88 /* LoginPage */ = {
			isa = PBXGroup;
			children = (
				AA2E07602105D9CA0070BE88 /* ResendPage */,
				AA2E075E2105CD490070BE88 /* LoginControllerViewController.swift */,
			);
			path = LoginPage;
			sourceTree = "<group>";
		};
		AA2E07602105D9CA0070BE88 /* ResendPage */ = {
			isa = PBXGroup;
			children = (
				AA2E07612105D9DE0070BE88 /* ResendController.swift */,
			);
			path = ResendPage;
			sourceTree = "<group>";
		};
		AA2E07632105DB250070BE88 /* ParentController */ = {
			isa = PBXGroup;
			children = (
				AA2E07642105DB310070BE88 /* ParentController.swift */,
			);
			path = ParentController;
			sourceTree = "<group>";
		};
		AA2E07662105DE3C0070BE88 /* ProfileController */ = {
			isa = PBXGroup;
			children = (
				AA70B17B217B4B6A00BD493A /* FullScreenController */,
				AA52DAFE2114CFE600600B38 /* SuccessController */,
				AA52DAFB2114CAD400600B38 /* KeyController */,
				AA52DAF82114BC0300600B38 /* CardPreview */,
				AA2E076C2107C59E0070BE88 /* EditInfo */,
				AA2E07692107BC320070BE88 /* EditNameController */,
				AA2E07672105DE590070BE88 /* ProfileController.swift */,
			);
			path = ProfileController;
			sourceTree = "<group>";
		};
		AA2E07692107BC320070BE88 /* EditNameController */ = {
			isa = PBXGroup;
			children = (
				AA2E076A2107BC500070BE88 /* EditNameController.swift */,
			);
			path = EditNameController;
			sourceTree = "<group>";
		};
		AA2E076C2107C59E0070BE88 /* EditInfo */ = {
			isa = PBXGroup;
			children = (
				AA2E076D2107C5A90070BE88 /* EditInfoController.swift */,
			);
			path = EditInfo;
			sourceTree = "<group>";
		};
		AA2E076F210DC4C50070BE88 /* Service Layer */ = {
			isa = PBXGroup;
			children = (
				AA2E0770210DC4D60070BE88 /* ServiceEngine.swift */,
				AA2E0772210DC6390070BE88 /* ServiceInterface.swift */,
				AA5D4D89210DD0A200568D09 /* ServiceUser.swift */,
				AA2E075A2105CAF90070BE88 /* Helper */,
			);
			path = "Service Layer";
			sourceTree = "<group>";
		};
		AA369FD42150418700B356BA /* StarPrivilegeController */ = {
			isa = PBXGroup;
			children = (
				DACEEA4E228078B400DA0B91 /* Html */,
				AA369FDB215042BF00B356BA /* PrivilegesCell */,
				AA369FD5215041A100B356BA /* StarPrivilegesController.swift */,
			);
			path = StarPrivilegeController;
			sourceTree = "<group>";
		};
		AA369FDB215042BF00B356BA /* PrivilegesCell */ = {
			isa = PBXGroup;
			children = (
				AA369FD7215042BB00B356BA /* PrivilegesCell.swift */,
				AA369FD8215042BB00B356BA /* PrivilegesCell.xib */,
			);
			path = PrivilegesCell;
			sourceTree = "<group>";
		};
		AA52370F21B718DD00ECCC4E /* WalkThrough */ = {
			isa = PBXGroup;
			children = (
				AA81777E21BC64FB003B7126 /* CongratsCell */,
				AA28A19021BC33D400ECE18C /* TutorialCell */,
				AA52371021B718F100ECCC4E /* WalkThrouController.swift */,
			);
			path = WalkThrough;
			sourceTree = "<group>";
		};
		AA52DAF82114BC0300600B38 /* CardPreview */ = {
			isa = PBXGroup;
			children = (
				AA52DAF92114BC2200600B38 /* CardController.swift */,
			);
			path = CardPreview;
			sourceTree = "<group>";
		};
		AA52DAFB2114CAD400600B38 /* KeyController */ = {
			isa = PBXGroup;
			children = (
				AA52DAFC2114CAE000600B38 /* KeyController.swift */,
			);
			path = KeyController;
			sourceTree = "<group>";
		};
		AA52DAFE2114CFE600600B38 /* SuccessController */ = {
			isa = PBXGroup;
			children = (
				AA52DAFF2114CFF300600B38 /* SuccessController.swift */,
			);
			path = SuccessController;
			sourceTree = "<group>";
		};
		AA52DB042114D42700600B38 /* Views */ = {
			isa = PBXGroup;
			children = (
				AA562E3921E2248F0044DE8F /* BillView */,
				AA52DB052114D42B00600B38 /* EventView */,
			);
			path = Views;
			sourceTree = "<group>";
		};
		AA52DB052114D42B00600B38 /* EventView */ = {
			isa = PBXGroup;
			children = (
				AA52DB062114D43900600B38 /* EventView.swift */,
				AA52DB082114D44C00600B38 /* EventView.xib */,
			);
			path = EventView;
			sourceTree = "<group>";
		};
		AA540D2D215FD7ED00317DAE /* OCR */ = {
			isa = PBXGroup;
			children = (
				AA540D2E215FD7ED00317DAE /* OCRController.swift */,
			);
			path = OCR;
			sourceTree = "<group>";
		};
		AA540D462160DCBF00317DAE /* StatsView */ = {
			isa = PBXGroup;
			children = (
				AA540D472160DCFD00317DAE /* StatsView.swift */,
				AA540D492160DD0700317DAE /* StatsView.xib */,
			);
			name = StatsView;
			path = "New Group1";
			sourceTree = "<group>";
		};
		AA562E3921E2248F0044DE8F /* BillView */ = {
			isa = PBXGroup;
			children = (
				AA562E3A21E224A40044DE8F /* BillView.xib */,
				AA562E3C21E224AF0044DE8F /* BillView.swift */,
			);
			path = BillView;
			sourceTree = "<group>";
		};
		AA562E3E21E236C00044DE8F /* GuestListController */ = {
			isa = PBXGroup;
			children = (
				AA562E4121E237BC0044DE8F /* GuestView */,
				AA562E3F21E236D50044DE8F /* GuestListController.swift */,
			);
			path = GuestListController;
			sourceTree = "<group>";
		};
		AA562E4121E237BC0044DE8F /* GuestView */ = {
			isa = PBXGroup;
			children = (
				AA562E4221E237CB0044DE8F /* GuestView.swift */,
				AA562E4421E237D50044DE8F /* GuestView.xib */,
			);
			path = GuestView;
			sourceTree = "<group>";
		};
		AA5D4D8B210DD2F000568D09 /* GlobalUI */ = {
			isa = PBXGroup;
			children = (
				AA5D4D8C210DD2FB00568D09 /* GlobalUI.swift */,
			);
			path = GlobalUI;
			sourceTree = "<group>";
		};
		AA5D4D8E2110CA1000568D09 /* HomeController */ = {
			isa = PBXGroup;
			children = (
				AA1D18E02116EDC700CA4A8F /* EventController */,
				AA52DB042114D42700600B38 /* Views */,
				AA625626222199EC00A75B51 /* EventControllerStep1.swift */,
				AA5D4D942110DACC00568D09 /* InstaPhoto */,
				AA5D4D912110CF3C00568D09 /* WebViewInsta */,
			);
			path = HomeController;
			sourceTree = "<group>";
		};
		AA5D4D912110CF3C00568D09 /* WebViewInsta */ = {
			isa = PBXGroup;
			children = (
				AA5D4D8F2110CA2400568D09 /* HomeController.swift */,
				2989C63A23C30F3A009E3864 /* RatingViewController.swift */,
			);
			path = WebViewInsta;
			sourceTree = "<group>";
		};
		AA5D4D942110DACC00568D09 /* InstaPhoto */ = {
			isa = PBXGroup;
			children = (
				AA5D4D952110DAE400568D09 /* InstaPhoto.swift */,
				AA5D4D972110DAF200568D09 /* InstaPhoto.xib */,
			);
			path = InstaPhoto;
			sourceTree = "<group>";
		};
		AA70B176216911A200BD493A /* BillCell */ = {
			isa = PBXGroup;
			children = (
				AA70B177216911C000BD493A /* BillCell.swift */,
				AA70B179216911C900BD493A /* BillCell.xib */,
			);
			path = BillCell;
			sourceTree = "<group>";
		};
		AA70B17B217B4B6A00BD493A /* FullScreenController */ = {
			isa = PBXGroup;
			children = (
				AAC7AFB7217B4BDD00B42339 /* FullscreenController.swift */,
			);
			path = FullScreenController;
			sourceTree = "<group>";
		};
		AA75F1A62102436A00B28C4D = {
			isa = PBXGroup;
			children = (
				AA540D30215FDA5000317DAE /* BridgingHeader.h */,
				AA75F1B12102436A00B28C4D /* Skybar */,
				AA75F1B02102436A00B28C4D /* Products */,
				E38C8A258A4BC2ABA1824DD3 /* Pods */,
				30859F7002DD161B82A40C0F /* Frameworks */,
			);
			sourceTree = "<group>";
		};
		AA75F1B02102436A00B28C4D /* Products */ = {
			isa = PBXGroup;
			children = (
				AA75F1AF2102436A00B28C4D /* SKY 2.0.app */,
			);
			name = Products;
			sourceTree = "<group>";
		};
		AA75F1B12102436A00B28C4D /* Skybar */ = {
			isa = PBXGroup;
			children = (
				AAFBAEA92141A49C0004CEB8 /* Skybar.entitlements */,
				AAF45AE02126D2200052E5EB /* Business Layer */,
				AA2E076F210DC4C50070BE88 /* Service Layer */,
				AA75F1CE21026F3C00B28C4D /* Fonts */,
				AA75F1B22102436A00B28C4D /* AppDelegate.swift */,
				AA75F1C42102452A00B28C4D /* Presentation layer */,
				AA75F1B92102436B00B28C4D /* Assets.xcassets */,
				AA75F1BE2102436B00B28C4D /* Info.plist */,
			);
			path = Skybar;
			sourceTree = "<group>";
		};
		AA75F1C42102452A00B28C4D /* Presentation layer */ = {
			isa = PBXGroup;
			children = (
				AA562E3E21E236C00044DE8F /* GuestListController */,
				AA1A4B2D21B9B1A000252C66 /* TermsController */,
				AA1A4B2821B9AD4500252C66 /* ReferController */,
				AA52370F21B718DD00ECCC4E /* WalkThrough */,
				AA540D2D215FD7ED00317DAE /* OCR */,
				AA369FD42150418700B356BA /* StarPrivilegeController */,
				AA2E07632105DB250070BE88 /* ParentController */,
				AA1D1901211A060F00CA4A8F /* TabControllers */,
				AA1D18E62118B09200CA4A8F /* InstaView */,
				AA2E075D2105CD3A0070BE88 /* LoginPage */,
				AA2E07662105DE3C0070BE88 /* ProfileController */,
				AA5D4D8B210DD2F000568D09 /* GlobalUI */,
				AA75F1BB2102436B00B28C4D /* LaunchScreen.storyboard */,
				DA9CDDFE227B0A0200D44F1A /* Main.storyboard */,
				AA75F1C52102454700B28C4D /* Landing page */,
			);
			path = "Presentation layer";
			sourceTree = "<group>";
		};
		AA75F1C52102454700B28C4D /* Landing page */ = {
			isa = PBXGroup;
			children = (
				AA75F1B42102436A00B28C4D /* LandingController.swift */,
			);
			path = "Landing page";
			sourceTree = "<group>";
		};
		AA75F1CE21026F3C00B28C4D /* Fonts */ = {
			isa = PBXGroup;
			children = (
				AA2E07532105BDD40070BE88 /* SourceSansPro-Bold.ttf */,
				AA2E07542105BDD50070BE88 /* SourceSansPro-Light.ttf */,
				AA2E07522105BDD40070BE88 /* SourceSansPro-Regular.ttf */,
				AA2E07552105BDD50070BE88 /* SourceSansPro-SemiBold.ttf */,
			);
			path = Fonts;
			sourceTree = "<group>";
		};
		AA81777E21BC64FB003B7126 /* CongratsCell */ = {
			isa = PBXGroup;
			children = (
				AA81777F21BC650D003B7126 /* CongratsCell.swift */,
				AA81778021BC650D003B7126 /* CongratsCell.xib */,
			);
			path = CongratsCell;
			sourceTree = "<group>";
		};
		AAF45AE02126D2200052E5EB /* Business Layer */ = {
			isa = PBXGroup;
			children = (
				AAF45AE12126D23C0052E5EB /* ParentObject.swift */,
				AAF45AE32126D24C0052E5EB /* ProfileObject.swift */,
				AA0F1F1D2187902400610D40 /* TimelineObject.swift */,
			);
			path = "Business Layer";
			sourceTree = "<group>";
		};
		DACEEA4E228078B400DA0B91 /* Html */ = {
			isa = PBXGroup;
			children = (
				DACEEA5122807C8800DA0B91 /* AdmissionRules.html */,
			);
			path = Html;
			sourceTree = "<group>";
		};
		E38C8A258A4BC2ABA1824DD3 /* Pods */ = {
			isa = PBXGroup;
			children = (
				137037C58A0DA0CEDA2A41C4 /* Pods-Skybar.debug.xcconfig */,
				F2177A0524C8CF2631C24DD7 /* Pods-Skybar.release.xcconfig */,
			);
			name = Pods;
			sourceTree = "<group>";
		};
/* End PBXGroup section */

/* Begin PBXNativeTarget section */
		AA75F1AE2102436A00B28C4D /* Skybar */ = {
			isa = PBXNativeTarget;
			buildConfigurationList = AA75F1C12102436B00B28C4D /* Build configuration list for PBXNativeTarget "Skybar" */;
			buildPhases = (
				5E7EB6DEA9D96423C80067B5 /* [CP] Check Pods Manifest.lock */,
				AA75F1AB2102436A00B28C4D /* Sources */,
				AA75F1AC2102436A00B28C4D /* Frameworks */,
				AA75F1AD2102436A00B28C4D /* Resources */,
				8BB405D4C21E530A728CF6C6 /* [CP] Embed Pods Frameworks */,
				AA7CF311215FD03500F24E0C /* Embed Frameworks */,
				AA930AC72218504C004FCE37 /* ShellScript */,
			);
			buildRules = (
			);
			dependencies = (
			);
			name = Skybar;
			productName = Skybar;
			productReference = AA75F1AF2102436A00B28C4D /* SKY 2.0.app */;
			productType = "com.apple.product-type.application";
		};
/* End PBXNativeTarget section */

/* Begin PBXProject section */
		AA75F1A72102436A00B28C4D /* Project object */ = {
			isa = PBXProject;
			attributes = {
				LastSwiftUpdateCheck = 0940;
				LastUpgradeCheck = 0940;
				ORGANIZATIONNAME = "CSP SOLUTIONS";
				TargetAttributes = {
					AA75F1AE2102436A00B28C4D = {
						CreatedOnToolsVersion = 9.4.1;
						LastSwiftMigration = 1010;
						SystemCapabilities = {
							com.apple.BackgroundModes = {
								enabled = 1;
							};
							com.apple.Maps.iOS = {
								enabled = 1;
							};
							com.apple.Push = {
								enabled = 1;
							};
						};
					};
				};
			};
			buildConfigurationList = AA75F1AA2102436A00B28C4D /* Build configuration list for PBXProject "Skybar" */;
			compatibilityVersion = "Xcode 9.3";
			developmentRegion = en;
			hasScannedForEncodings = 0;
			knownRegions = (
				en,
				Base,
			);
			mainGroup = AA75F1A62102436A00B28C4D;
			productRefGroup = AA75F1B02102436A00B28C4D /* Products */;
			projectDirPath = "";
			projectRoot = "";
			targets = (
				AA75F1AE2102436A00B28C4D /* Skybar */,
			);
		};
/* End PBXProject section */

/* Begin PBXResourcesBuildPhase section */
		AA75F1AD2102436A00B28C4D /* Resources */ = {
			isa = PBXResourcesBuildPhase;
			buildActionMask = 2147483647;
			files = (
				AA562E3B21E224A40044DE8F /* BillView.xib in Resources */,
				DA9CDDFD227AF9E400D44F1A /* HistoryView.xib in Resources */,
				AA562E4521E237D50044DE8F /* GuestView.xib in Resources */,
				AA70B17A216911C900BD493A /* BillCell.xib in Resources */,
				AA75F1BD2102436B00B28C4D /* LaunchScreen.storyboard in Resources */,
				DA9CDDFF227B0A0200D44F1A /* Main.storyboard in Resources */,
				AA2E07572105BDD50070BE88 /* SourceSansPro-Bold.ttf in Resources */,
				DACEEA5222807C8800DA0B91 /* AdmissionRules.html in Resources */,
				AA0F1F57218B9F9200610D40 /* LastReservationView.xib in Resources */,
				AA2E07582105BDD50070BE88 /* SourceSansPro-Light.ttf in Resources */,
				AA52DB092114D44C00600B38 /* EventView.xib in Resources */,
				AA28A18F21B9C24B00ECE18C /* SubInstaCell.xib in Resources */,
				AA540D4A2160DD0700317DAE /* StatsView.xib in Resources */,
				AA2E07592105BDD50070BE88 /* SourceSansPro-SemiBold.ttf in Resources */,
				AA1D18DE2114E75500CA4A8F /* ReserveTableView.xib in Resources */,
				AA81778221BC650D003B7126 /* CongratsCell.xib in Resources */,
				AA75F1BA2102436B00B28C4D /* Assets.xcassets in Resources */,
				AA2E07562105BDD50070BE88 /* SourceSansPro-Regular.ttf in Resources */,
				AA369FDA215042BB00B356BA /* PrivilegesCell.xib in Resources */,
				AA0F1F232188DC0B00610D40 /* NotificationView.xib in Resources */,
				AA81777D21BC357F003B7126 /* TutorialCell.xib in Resources */,
				AA1D18EA2118B0AD00CA4A8F /* InstaView.xib in Resources */,
				AA5D4D982110DAF200568D09 /* InstaPhoto.xib in Resources */,
			);
			runOnlyForDeploymentPostprocessing = 0;
		};
/* End PBXResourcesBuildPhase section */

/* Begin PBXShellScriptBuildPhase section */
		5E7EB6DEA9D96423C80067B5 /* [CP] Check Pods Manifest.lock */ = {
			isa = PBXShellScriptBuildPhase;
			buildActionMask = 2147483647;
			files = (
			);
			inputPaths = (
				"${PODS_PODFILE_DIR_PATH}/Podfile.lock",
				"${PODS_ROOT}/Manifest.lock",
			);
			name = "[CP] Check Pods Manifest.lock";
			outputPaths = (
				"$(DERIVED_FILE_DIR)/Pods-Skybar-checkManifestLockResult.txt",
			);
			runOnlyForDeploymentPostprocessing = 0;
			shellPath = /bin/sh;
			shellScript = "diff \"${PODS_PODFILE_DIR_PATH}/Podfile.lock\" \"${PODS_ROOT}/Manifest.lock\" > /dev/null\nif [ $? != 0 ] ; then\n    # print error to STDERR\n    echo \"error: The sandbox is not in sync with the Podfile.lock. Run 'pod install' or update your CocoaPods installation.\" >&2\n    exit 1\nfi\n# This output is used by Xcode 'outputs' to avoid re-running this script phase.\necho \"SUCCESS\" > \"${SCRIPT_OUTPUT_FILE_0}\"\n";
			showEnvVarsInLog = 0;
		};
		8BB405D4C21E530A728CF6C6 /* [CP] Embed Pods Frameworks */ = {
			isa = PBXShellScriptBuildPhase;
			buildActionMask = 2147483647;
			files = (
			);
			inputFileListPaths = (
				"${PODS_ROOT}/Target Support Files/Pods-Skybar/Pods-Skybar-frameworks-${CONFIGURATION}-input-files.xcfilelist",
			);
			name = "[CP] Embed Pods Frameworks";
			outputFileListPaths = (
				"${PODS_ROOT}/Target Support Files/Pods-Skybar/Pods-Skybar-frameworks-${CONFIGURATION}-output-files.xcfilelist",
			);
			runOnlyForDeploymentPostprocessing = 0;
			shellPath = /bin/sh;
			shellScript = "\"${PODS_ROOT}/Target Support Files/Pods-Skybar/Pods-Skybar-frameworks.sh\"\n";
			showEnvVarsInLog = 0;
		};
		AA930AC72218504C004FCE37 /* ShellScript */ = {
			isa = PBXShellScriptBuildPhase;
			buildActionMask = 2147483647;
			files = (
			);
			inputFileListPaths = (
			);
			inputPaths = (
			);
			outputFileListPaths = (
			);
			outputPaths = (
			);
			runOnlyForDeploymentPostprocessing = 0;
			shellPath = /bin/sh;
			shellScript = "\"${PODS_ROOT}/Fabric/run\" fd8297bf8a482ab2ddda49535221767904c313c3 ed02cad863e25a4e251f375316a92ae9bbbeabdec20ed79dee9d72379e572673\n";
		};
/* End PBXShellScriptBuildPhase section */

/* Begin PBXSourcesBuildPhase section */
		AA75F1AB2102436A00B28C4D /* Sources */ = {
			isa = PBXSourcesBuildPhase;
			buildActionMask = 2147483647;
			files = (
				AA75F1B52102436A00B28C4D /* LandingController.swift in Sources */,
				2989C63B23C30F3A009E3864 /* RatingViewController.swift in Sources */,
				AA2E076E2107C5A90070BE88 /* EditInfoController.swift in Sources */,
				AA1D18D92114E2E300CA4A8F /* ReserveController.swift in Sources */,
				AA369FD6215041A100B356BA /* StarPrivilegesController.swift in Sources */,
				AA81778121BC650D003B7126 /* CongratsCell.swift in Sources */,
				AA5D4D902110CA2400568D09 /* HomeController.swift in Sources */,
				AA540D2F215FD7ED00317DAE /* OCRController.swift in Sources */,
				AA1D18DC2114E74500CA4A8F /* ReserveTableView.swift in Sources */,
				AA540D482160DCFD00317DAE /* StatsView.swift in Sources */,
				AA5D4D962110DAE400568D09 /* InstaPhoto.swift in Sources */,
				AA75F1B32102436A00B28C4D /* AppDelegate.swift in Sources */,
				AA1D18E82118B0A600CA4A8F /* InstaView.swift in Sources */,
				AA2E07682105DE590070BE88 /* ProfileController.swift in Sources */,
				AA369FD9215042BB00B356BA /* PrivilegesCell.swift in Sources */,
				AA1D18E52116F53400CA4A8F /* ReserveEventController.swift in Sources */,
				AA70B178216911C000BD493A /* BillCell.swift in Sources */,
				AA1A4B2A21B9AD5100252C66 /* ReferController.swift in Sources */,
				AAC7AFB8217B4BDD00B42339 /* FullscreenController.swift in Sources */,
				AA52DAFD2114CAE000600B38 /* KeyController.swift in Sources */,
				AA562E4021E236D50044DE8F /* GuestListController.swift in Sources */,
				AA5D4D8A210DD0A200568D09 /* ServiceUser.swift in Sources */,
				AA0F1F212188DC0300610D40 /* NotificationView.swift in Sources */,
				AAF45AE22126D23C0052E5EB /* ParentObject.swift in Sources */,
				AA562E3D21E224AF0044DE8F /* BillView.swift in Sources */,
				AA2E075F2105CD490070BE88 /* LoginControllerViewController.swift in Sources */,
				923F1BC7238F9AE0001A8C36 /* AppColor.swift in Sources */,
				AA52371121B718F100ECCC4E /* WalkThrouController.swift in Sources */,
				AA625627222199EC00A75B51 /* EventControllerStep1.swift in Sources */,
				AA1D18FF2119FF2500CA4A8F /* SettingsController.swift in Sources */,
				AA5D4D8D210DD2FB00568D09 /* GlobalUI.swift in Sources */,
				AA2E0773210DC6390070BE88 /* ServiceInterface.swift in Sources */,
				AA1D18E22116EDDB00CA4A8F /* EventController.swift in Sources */,
				AA2E0771210DC4D60070BE88 /* ServiceEngine.swift in Sources */,
				927093302383B5FF00F1F3F6 /* SkybarAlert.swift in Sources */,
				AA52DB002114CFF300600B38 /* SuccessController.swift in Sources */,
				AA81777C21BC357F003B7126 /* TutorialCell.swift in Sources */,
				AAF45AE42126D24C0052E5EB /* ProfileObject.swift in Sources */,
				AA625629222199F600A75B51 /* EventControllerStep2.swift in Sources */,
				AA52DB072114D43900600B38 /* EventView.swift in Sources */,
				AA1D18F92118EDB100CA4A8F /* HistoryView.swift in Sources */,
				AA1A4B2C21B9B19900252C66 /* TermsController.swift in Sources */,
				920E28692343677E0003746B /* Ui+Extension.swift in Sources */,
				AA2E07622105D9DE0070BE88 /* ResendController.swift in Sources */,
				AA0F1F1E2187902400610D40 /* TimelineObject.swift in Sources */,
				AA562E4321E237CB0044DE8F /* GuestView.swift in Sources */,
				AA28A18E21B9C24B00ECE18C /* SubInstaCell.swift in Sources */,
				AA1D18ED2118BA8600CA4A8F /* HistoryController.swift in Sources */,
				AA4C265C211A0A0400820CC0 /* InvoiceController.swift in Sources */,
				AA2E075C2105CB070070BE88 /* Helper.swift in Sources */,
				AA2E076B2107BC500070BE88 /* EditNameController.swift in Sources */,
				AA0F1F55218B9F8800610D40 /* LastReservationView.swift in Sources */,
				923F1BC9238FA40B001A8C36 /* CameraHandler.swift in Sources */,
				AA2E07652105DB310070BE88 /* ParentController.swift in Sources */,
				AA52DAFA2114BC2200600B38 /* CardController.swift in Sources */,
			);
			runOnlyForDeploymentPostprocessing = 0;
		};
/* End PBXSourcesBuildPhase section */

/* Begin PBXVariantGroup section */
		AA75F1BB2102436B00B28C4D /* LaunchScreen.storyboard */ = {
			isa = PBXVariantGroup;
			children = (
				AA75F1BC2102436B00B28C4D /* Base */,
			);
			name = LaunchScreen.storyboard;
			sourceTree = "<group>";
		};
/* End PBXVariantGroup section */

/* Begin XCBuildConfiguration section */
		AA75F1BF2102436B00B28C4D /* Debug */ = {
			isa = XCBuildConfiguration;
			buildSettings = {
				ALWAYS_SEARCH_USER_PATHS = NO;
				CLANG_ANALYZER_NONNULL = YES;
				CLANG_ANALYZER_NUMBER_OBJECT_CONVERSION = YES_AGGRESSIVE;
				CLANG_CXX_LANGUAGE_STANDARD = "gnu++14";
				CLANG_CXX_LIBRARY = "libc++";
				CLANG_ENABLE_MODULES = YES;
				CLANG_ENABLE_OBJC_ARC = YES;
				CLANG_ENABLE_OBJC_WEAK = YES;
				CLANG_WARN_BLOCK_CAPTURE_AUTORELEASING = YES;
				CLANG_WARN_BOOL_CONVERSION = YES;
				CLANG_WARN_COMMA = YES;
				CLANG_WARN_CONSTANT_CONVERSION = YES;
				CLANG_WARN_DEPRECATED_OBJC_IMPLEMENTATIONS = YES;
				CLANG_WARN_DIRECT_OBJC_ISA_USAGE = YES_ERROR;
				CLANG_WARN_DOCUMENTATION_COMMENTS = YES;
				CLANG_WARN_EMPTY_BODY = YES;
				CLANG_WARN_ENUM_CONVERSION = YES;
				CLANG_WARN_INFINITE_RECURSION = YES;
				CLANG_WARN_INT_CONVERSION = YES;
				CLANG_WARN_NON_LITERAL_NULL_CONVERSION = YES;
				CLANG_WARN_OBJC_IMPLICIT_RETAIN_SELF = YES;
				CLANG_WARN_OBJC_LITERAL_CONVERSION = YES;
				CLANG_WARN_OBJC_ROOT_CLASS = YES_ERROR;
				CLANG_WARN_RANGE_LOOP_ANALYSIS = YES;
				CLANG_WARN_STRICT_PROTOTYPES = YES;
				CLANG_WARN_SUSPICIOUS_MOVE = YES;
				CLANG_WARN_UNGUARDED_AVAILABILITY = YES_AGGRESSIVE;
				CLANG_WARN_UNREACHABLE_CODE = YES;
				CLANG_WARN__DUPLICATE_METHOD_MATCH = YES;
				CODE_SIGN_IDENTITY = "iPhone Developer";
				COPY_PHASE_STRIP = NO;
				DEBUG_INFORMATION_FORMAT = dwarf;
				ENABLE_STRICT_OBJC_MSGSEND = YES;
				ENABLE_TESTABILITY = YES;
				GCC_C_LANGUAGE_STANDARD = gnu11;
				GCC_DYNAMIC_NO_PIC = NO;
				GCC_NO_COMMON_BLOCKS = YES;
				GCC_OPTIMIZATION_LEVEL = 0;
				GCC_PREPROCESSOR_DEFINITIONS = (
					"DEBUG=1",
					"$(inherited)",
				);
				GCC_WARN_64_TO_32_BIT_CONVERSION = YES;
				GCC_WARN_ABOUT_RETURN_TYPE = YES_ERROR;
				GCC_WARN_UNDECLARED_SELECTOR = YES;
				GCC_WARN_UNINITIALIZED_AUTOS = YES_AGGRESSIVE;
				GCC_WARN_UNUSED_FUNCTION = YES;
				GCC_WARN_UNUSED_VARIABLE = YES;
				IPHONEOS_DEPLOYMENT_TARGET = 11.4;
				MTL_ENABLE_DEBUG_INFO = YES;
				ONLY_ACTIVE_ARCH = YES;
				SDKROOT = iphoneos;
				SWIFT_ACTIVE_COMPILATION_CONDITIONS = DEBUG;
				SWIFT_OPTIMIZATION_LEVEL = "-Onone";
			};
			name = Debug;
		};
		AA75F1C02102436B00B28C4D /* Release */ = {
			isa = XCBuildConfiguration;
			buildSettings = {
				ALWAYS_SEARCH_USER_PATHS = NO;
				CLANG_ANALYZER_NONNULL = YES;
				CLANG_ANALYZER_NUMBER_OBJECT_CONVERSION = YES_AGGRESSIVE;
				CLANG_CXX_LANGUAGE_STANDARD = "gnu++14";
				CLANG_CXX_LIBRARY = "libc++";
				CLANG_ENABLE_MODULES = YES;
				CLANG_ENABLE_OBJC_ARC = YES;
				CLANG_ENABLE_OBJC_WEAK = YES;
				CLANG_WARN_BLOCK_CAPTURE_AUTORELEASING = YES;
				CLANG_WARN_BOOL_CONVERSION = YES;
				CLANG_WARN_COMMA = YES;
				CLANG_WARN_CONSTANT_CONVERSION = YES;
				CLANG_WARN_DEPRECATED_OBJC_IMPLEMENTATIONS = YES;
				CLANG_WARN_DIRECT_OBJC_ISA_USAGE = YES_ERROR;
				CLANG_WARN_DOCUMENTATION_COMMENTS = YES;
				CLANG_WARN_EMPTY_BODY = YES;
				CLANG_WARN_ENUM_CONVERSION = YES;
				CLANG_WARN_INFINITE_RECURSION = YES;
				CLANG_WARN_INT_CONVERSION = YES;
				CLANG_WARN_NON_LITERAL_NULL_CONVERSION = YES;
				CLANG_WARN_OBJC_IMPLICIT_RETAIN_SELF = YES;
				CLANG_WARN_OBJC_LITERAL_CONVERSION = YES;
				CLANG_WARN_OBJC_ROOT_CLASS = YES_ERROR;
				CLANG_WARN_RANGE_LOOP_ANALYSIS = YES;
				CLANG_WARN_STRICT_PROTOTYPES = YES;
				CLANG_WARN_SUSPICIOUS_MOVE = YES;
				CLANG_WARN_UNGUARDED_AVAILABILITY = YES_AGGRESSIVE;
				CLANG_WARN_UNREACHABLE_CODE = YES;
				CLANG_WARN__DUPLICATE_METHOD_MATCH = YES;
				CODE_SIGN_IDENTITY = "iPhone Developer";
				COPY_PHASE_STRIP = NO;
				DEBUG_INFORMATION_FORMAT = "dwarf-with-dsym";
				ENABLE_NS_ASSERTIONS = NO;
				ENABLE_STRICT_OBJC_MSGSEND = YES;
				GCC_C_LANGUAGE_STANDARD = gnu11;
				GCC_NO_COMMON_BLOCKS = YES;
				GCC_WARN_64_TO_32_BIT_CONVERSION = YES;
				GCC_WARN_ABOUT_RETURN_TYPE = YES_ERROR;
				GCC_WARN_UNDECLARED_SELECTOR = YES;
				GCC_WARN_UNINITIALIZED_AUTOS = YES_AGGRESSIVE;
				GCC_WARN_UNUSED_FUNCTION = YES;
				GCC_WARN_UNUSED_VARIABLE = YES;
				IPHONEOS_DEPLOYMENT_TARGET = 11.4;
				MTL_ENABLE_DEBUG_INFO = NO;
				SDKROOT = iphoneos;
				SWIFT_COMPILATION_MODE = wholemodule;
				SWIFT_OPTIMIZATION_LEVEL = "-O";
				VALIDATE_PRODUCT = YES;
			};
			name = Release;
		};
		AA75F1C22102436B00B28C4D /* Debug */ = {
			isa = XCBuildConfiguration;
			baseConfigurationReference = 137037C58A0DA0CEDA2A41C4 /* Pods-Skybar.debug.xcconfig */;
			buildSettings = {
				ALWAYS_EMBED_SWIFT_STANDARD_LIBRARIES = YES;
				ASSETCATALOG_COMPILER_APPICON_NAME = AppIcon;
				CLANG_CXX_LIBRARY = "compiler-default";
				CODE_SIGN_ENTITLEMENTS = Skybar/Skybar.entitlements;
				CODE_SIGN_IDENTITY = "iPhone Developer";
				CODE_SIGN_STYLE = Manual;
				DEVELOPMENT_TEAM = "";
				ENABLE_BITCODE = NO;
				FRAMEWORK_SEARCH_PATHS = (
					"$(inherited)",
					"$(PROJECT_DIR)",
				);
				INFOPLIST_FILE = Skybar/Info.plist;
				IPHONEOS_DEPLOYMENT_TARGET = 11.1;
				LD_RUNPATH_SEARCH_PATHS = (
					"$(inherited)",
					"@executable_path/Frameworks",
				);
				LIBRARY_SEARCH_PATHS = (
					"$(inherited)",
					"$(PROJECT_DIR)",
				);
				OTHER_LDFLAGS = (
					"$(inherited)",
					"-framework",
					"\"ActionSheetPicker_3_0\"",
					"-framework",
					"\"Charts\"",
					"-framework",
					"\"CoreGraphics\"",
					"-framework",
					"\"Foundation\"",
					"-framework",
					"\"IQKeyboardManagerSwift\"",
					"-framework",
					"\"MobileCoreServices\"",
					"-framework",
					"\"OneSignal\"",
					"-framework",
					"\"QuartzCore\"",
					"-framework",
					"\"Security\"",
					"-framework",
					"\"SystemConfiguration\"",
					"-framework",
					"\"UIKit\"",
					"-framework",
					"\"UserNotifications\"",
				);
				PRODUCT_BUNDLE_IDENTIFIER = com.csp.skybar;
				PRODUCT_NAME = "SKY 2.0";
				PROVISIONING_PROFILE_SPECIFIER = "";
				SWIFT_OBJC_BRIDGING_HEADER = BridgingHeader.h;
				SWIFT_VERSION = 4.2;
				TARGETED_DEVICE_FAMILY = 1;
			};
			name = Debug;
		};
		AA75F1C32102436B00B28C4D /* Release */ = {
			isa = XCBuildConfiguration;
			baseConfigurationReference = F2177A0524C8CF2631C24DD7 /* Pods-Skybar.release.xcconfig */;
			buildSettings = {
				ALWAYS_EMBED_SWIFT_STANDARD_LIBRARIES = YES;
				ASSETCATALOG_COMPILER_APPICON_NAME = AppIcon;
				CLANG_CXX_LIBRARY = "compiler-default";
				CODE_SIGN_ENTITLEMENTS = Skybar/Skybar.entitlements;
				CODE_SIGN_IDENTITY = "iPhone Developer";
				CODE_SIGN_STYLE = Manual;
				DEVELOPMENT_TEAM = "";
				ENABLE_BITCODE = NO;
				FRAMEWORK_SEARCH_PATHS = (
					"$(inherited)",
					"$(PROJECT_DIR)",
				);
				INFOPLIST_FILE = Skybar/Info.plist;
				IPHONEOS_DEPLOYMENT_TARGET = 11.1;
				LD_RUNPATH_SEARCH_PATHS = (
					"$(inherited)",
					"@executable_path/Frameworks",
				);
				LIBRARY_SEARCH_PATHS = (
					"$(inherited)",
					"$(PROJECT_DIR)",
				);
				OTHER_LDFLAGS = (
					"$(inherited)",
					"-framework",
					"\"ActionSheetPicker_3_0\"",
					"-framework",
					"\"Charts\"",
					"-framework",
					"\"CoreGraphics\"",
					"-framework",
					"\"Foundation\"",
					"-framework",
					"\"IQKeyboardManagerSwift\"",
					"-framework",
					"\"MobileCoreServices\"",
					"-framework",
					"\"OneSignal\"",
					"-framework",
					"\"QuartzCore\"",
					"-framework",
					"\"Security\"",
					"-framework",
					"\"SystemConfiguration\"",
					"-framework",
					"\"UIKit\"",
					"-framework",
					"\"UserNotifications\"",
				);
				PRODUCT_BUNDLE_IDENTIFIER = com.csp.skybar;
				PRODUCT_NAME = "SKY 2.0";
				PROVISIONING_PROFILE_SPECIFIER = "";
				SWIFT_OBJC_BRIDGING_HEADER = BridgingHeader.h;
				SWIFT_VERSION = 4.2;
				TARGETED_DEVICE_FAMILY = 1;
			};
			name = Release;
		};
/* End XCBuildConfiguration section */

/* Begin XCConfigurationList section */
		AA75F1AA2102436A00B28C4D /* Build configuration list for PBXProject "Skybar" */ = {
			isa = XCConfigurationList;
			buildConfigurations = (
				AA75F1BF2102436B00B28C4D /* Debug */,
				AA75F1C02102436B00B28C4D /* Release */,
			);
			defaultConfigurationIsVisible = 0;
			defaultConfigurationName = Release;
		};
		AA75F1C12102436B00B28C4D /* Build configuration list for PBXNativeTarget "Skybar" */ = {
			isa = XCConfigurationList;
			buildConfigurations = (
				AA75F1C22102436B00B28C4D /* Debug */,
				AA75F1C32102436B00B28C4D /* Release */,
			);
			defaultConfigurationIsVisible = 0;
			defaultConfigurationName = Release;
		};
/* End XCConfigurationList section */
	};
	rootObject = AA75F1A72102436A00B28C4D /* Project object */;
}
